// !$*UTF8*$!
{
	archiveVersion = 1;
	classes = {
	};
	objectVersion = 56;
	objects = {

/* Begin PBXBuildFile section */
		126BC04129EFCAFC00CEE880 /* KuletaApp.swift in Sources */ = {isa = PBXBuildFile; fileRef = 126BC04029EFCAFC00CEE880 /* KuletaApp.swift */; };
		126BC04329EFCAFC00CEE880 /* ContentView.swift in Sources */ = {isa = PBXBuildFile; fileRef = 126BC04229EFCAFC00CEE880 /* ContentView.swift */; };
		126BC04529EFCAFD00CEE880 /* Assets.xcassets in Resources */ = {isa = PBXBuildFile; fileRef = 126BC04429EFCAFD00CEE880 /* Assets.xcassets */; };
		126BC04829EFCAFD00CEE880 /* Preview Assets.xcassets in Resources */ = {isa = PBXBuildFile; fileRef = 126BC04729EFCAFD00CEE880 /* Preview Assets.xcassets */; };
		126BC04A29EFCAFD00CEE880 /* Persistence.swift in Sources */ = {isa = PBXBuildFile; fileRef = 126BC04929EFCAFD00CEE880 /* Persistence.swift */; };
		126BC04D29EFCAFD00CEE880 /* Kuleta.xcdatamodeld in Sources */ = {isa = PBXBuildFile; fileRef = 126BC04B29EFCAFD00CEE880 /* Kuleta.xcdatamodeld */; };
		126BC05729EFCAFD00CEE880 /* KuletaTests.swift in Sources */ = {isa = PBXBuildFile; fileRef = 126BC05629EFCAFD00CEE880 /* KuletaTests.swift */; };
		126BC06129EFCAFD00CEE880 /* KuletaUITests.swift in Sources */ = {isa = PBXBuildFile; fileRef = 126BC06029EFCAFD00CEE880 /* KuletaUITests.swift */; };
		126BC06329EFCAFD00CEE880 /* KuletaUITestsLaunchTests.swift in Sources */ = {isa = PBXBuildFile; fileRef = 126BC06229EFCAFD00CEE880 /* KuletaUITestsLaunchTests.swift */; };
		126BC07129EFCC3B00CEE880 /* CameraError.swift in Sources */ = {isa = PBXBuildFile; fileRef = 126BC07029EFCC3B00CEE880 /* CameraError.swift */; };
		126BC07329EFCC7D00CEE880 /* ScanManager.swift in Sources */ = {isa = PBXBuildFile; fileRef = 126BC07229EFCC7D00CEE880 /* ScanManager.swift */; };
		126BC07529EFCDE500CEE880 /* FrameManager.swift in Sources */ = {isa = PBXBuildFile; fileRef = 126BC07429EFCDE500CEE880 /* FrameManager.swift */; };
		126BC07829EFD0B000CEE880 /* CGImageExtension.swift in Sources */ = {isa = PBXBuildFile; fileRef = 126BC07729EFD0B000CEE880 /* CGImageExtension.swift */; };
		126BC07D29EFD18A00CEE880 /* ErrorView.swift in Sources */ = {isa = PBXBuildFile; fileRef = 126BC07C29EFD18A00CEE880 /* ErrorView.swift */; };
		126BC08129EFD1F600CEE880 /* FrameView.swift in Sources */ = {isa = PBXBuildFile; fileRef = 126BC08029EFD1F600CEE880 /* FrameView.swift */; };
		126BC08429EFD28000CEE880 /* ContentViewModels.swift in Sources */ = {isa = PBXBuildFile; fileRef = 126BC08329EFD28000CEE880 /* ContentViewModels.swift */; };
/* End PBXBuildFile section */

/* Begin PBXContainerItemProxy section */
		126BC05329EFCAFD00CEE880 /* PBXContainerItemProxy */ = {
			isa = PBXContainerItemProxy;
			containerPortal = 126BC03529EFCAFC00CEE880 /* Project object */;
			proxyType = 1;
			remoteGlobalIDString = 126BC03C29EFCAFC00CEE880;
			remoteInfo = Kuleta;
		};
		126BC05D29EFCAFD00CEE880 /* PBXContainerItemProxy */ = {
			isa = PBXContainerItemProxy;
			containerPortal = 126BC03529EFCAFC00CEE880 /* Project object */;
			proxyType = 1;
			remoteGlobalIDString = 126BC03C29EFCAFC00CEE880;
			remoteInfo = Kuleta;
		};
/* End PBXContainerItemProxy section */

/* Begin PBXFileReference section */
		126BC03D29EFCAFC00CEE880 /* Kuleta.app */ = {isa = PBXFileReference; explicitFileType = wrapper.application; includeInIndex = 0; path = Kuleta.app; sourceTree = BUILT_PRODUCTS_DIR; };
		126BC04029EFCAFC00CEE880 /* KuletaApp.swift */ = {isa = PBXFileReference; lastKnownFileType = sourcecode.swift; path = KuletaApp.swift; sourceTree = "<group>"; };
		126BC04229EFCAFC00CEE880 /* ContentView.swift */ = {isa = PBXFileReference; lastKnownFileType = sourcecode.swift; path = ContentView.swift; sourceTree = "<group>"; };
		126BC04429EFCAFD00CEE880 /* Assets.xcassets */ = {isa = PBXFileReference; lastKnownFileType = folder.assetcatalog; path = Assets.xcassets; sourceTree = "<group>"; };
		126BC04729EFCAFD00CEE880 /* Preview Assets.xcassets */ = {isa = PBXFileReference; lastKnownFileType = folder.assetcatalog; path = "Preview Assets.xcassets"; sourceTree = "<group>"; };
		126BC04929EFCAFD00CEE880 /* Persistence.swift */ = {isa = PBXFileReference; lastKnownFileType = sourcecode.swift; path = Persistence.swift; sourceTree = "<group>"; };
		126BC04C29EFCAFD00CEE880 /* Kuleta.xcdatamodel */ = {isa = PBXFileReference; lastKnownFileType = wrapper.xcdatamodel; path = Kuleta.xcdatamodel; sourceTree = "<group>"; };
		126BC05229EFCAFD00CEE880 /* KuletaTests.xctest */ = {isa = PBXFileReference; explicitFileType = wrapper.cfbundle; includeInIndex = 0; path = KuletaTests.xctest; sourceTree = BUILT_PRODUCTS_DIR; };
		126BC05629EFCAFD00CEE880 /* KuletaTests.swift */ = {isa = PBXFileReference; lastKnownFileType = sourcecode.swift; path = KuletaTests.swift; sourceTree = "<group>"; };
		126BC05C29EFCAFD00CEE880 /* KuletaUITests.xctest */ = {isa = PBXFileReference; explicitFileType = wrapper.cfbundle; includeInIndex = 0; path = KuletaUITests.xctest; sourceTree = BUILT_PRODUCTS_DIR; };
		126BC06029EFCAFD00CEE880 /* KuletaUITests.swift */ = {isa = PBXFileReference; lastKnownFileType = sourcecode.swift; path = KuletaUITests.swift; sourceTree = "<group>"; };
		126BC06229EFCAFD00CEE880 /* KuletaUITestsLaunchTests.swift */ = {isa = PBXFileReference; lastKnownFileType = sourcecode.swift; path = KuletaUITestsLaunchTests.swift; sourceTree = "<group>"; };
		126BC07029EFCC3B00CEE880 /* CameraError.swift */ = {isa = PBXFileReference; lastKnownFileType = sourcecode.swift; path = CameraError.swift; sourceTree = "<group>"; };
		126BC07229EFCC7D00CEE880 /* ScanManager.swift */ = {isa = PBXFileReference; lastKnownFileType = sourcecode.swift; path = ScanManager.swift; sourceTree = "<group>"; };
		126BC07429EFCDE500CEE880 /* FrameManager.swift */ = {isa = PBXFileReference; lastKnownFileType = sourcecode.swift; path = FrameManager.swift; sourceTree = "<group>"; };
		126BC07729EFD0B000CEE880 /* CGImageExtension.swift */ = {isa = PBXFileReference; lastKnownFileType = sourcecode.swift; path = CGImageExtension.swift; sourceTree = "<group>"; };
		126BC07C29EFD18A00CEE880 /* ErrorView.swift */ = {isa = PBXFileReference; lastKnownFileType = sourcecode.swift; path = ErrorView.swift; sourceTree = "<group>"; };
		126BC08029EFD1F600CEE880 /* FrameView.swift */ = {isa = PBXFileReference; lastKnownFileType = sourcecode.swift; path = FrameView.swift; sourceTree = "<group>"; };
		126BC08329EFD28000CEE880 /* ContentViewModels.swift */ = {isa = PBXFileReference; lastKnownFileType = sourcecode.swift; path = ContentViewModels.swift; sourceTree = "<group>"; };
/* End PBXFileReference section */

/* Begin PBXFrameworksBuildPhase section */
		126BC03A29EFCAFC00CEE880 /* Frameworks */ = {
			isa = PBXFrameworksBuildPhase;
			buildActionMask = 2147483647;
			files = (
			);
			runOnlyForDeploymentPostprocessing = 0;
		};
		126BC04F29EFCAFD00CEE880 /* Frameworks */ = {
			isa = PBXFrameworksBuildPhase;
			buildActionMask = 2147483647;
			files = (
			);
			runOnlyForDeploymentPostprocessing = 0;
		};
		126BC05929EFCAFD00CEE880 /* Frameworks */ = {
			isa = PBXFrameworksBuildPhase;
			buildActionMask = 2147483647;
			files = (
			);
			runOnlyForDeploymentPostprocessing = 0;
		};
/* End PBXFrameworksBuildPhase section */

/* Begin PBXGroup section */
		126BC03429EFCAFC00CEE880 = {
			isa = PBXGroup;
			children = (
				126BC03F29EFCAFC00CEE880 /* Kuleta */,
				126BC05529EFCAFD00CEE880 /* KuletaTests */,
				126BC05F29EFCAFD00CEE880 /* KuletaUITests */,
				126BC03E29EFCAFC00CEE880 /* Products */,
			);
			sourceTree = "<group>";
		};
		126BC03E29EFCAFC00CEE880 /* Products */ = {
			isa = PBXGroup;
			children = (
				126BC03D29EFCAFC00CEE880 /* Kuleta.app */,
				126BC05229EFCAFD00CEE880 /* KuletaTests.xctest */,
				126BC05C29EFCAFD00CEE880 /* KuletaUITests.xctest */,
			);
			name = Products;
			sourceTree = "<group>";
		};
		126BC03F29EFCAFC00CEE880 /* Kuleta */ = {
			isa = PBXGroup;
			children = (
				126BC08229EFD26D00CEE880 /* ViewModels */,
				126BC07929EFD12A00CEE880 /* Views */,
				126BC07629EFD0A400CEE880 /* Extensions */,
				126BC06F29EFCC2500CEE880 /* Camera */,
				126BC04029EFCAFC00CEE880 /* KuletaApp.swift */,
				126BC04229EFCAFC00CEE880 /* ContentView.swift */,
				126BC04429EFCAFD00CEE880 /* Assets.xcassets */,
				126BC04929EFCAFD00CEE880 /* Persistence.swift */,
				126BC04B29EFCAFD00CEE880 /* Kuleta.xcdatamodeld */,
				126BC04629EFCAFD00CEE880 /* Preview Content */,
			);
			path = Kuleta;
			sourceTree = "<group>";
		};
		126BC04629EFCAFD00CEE880 /* Preview Content */ = {
			isa = PBXGroup;
			children = (
				126BC04729EFCAFD00CEE880 /* Preview Assets.xcassets */,
			);
			path = "Preview Content";
			sourceTree = "<group>";
		};
		126BC05529EFCAFD00CEE880 /* KuletaTests */ = {
			isa = PBXGroup;
			children = (
				126BC05629EFCAFD00CEE880 /* KuletaTests.swift */,
			);
			path = KuletaTests;
			sourceTree = "<group>";
		};
		126BC05F29EFCAFD00CEE880 /* KuletaUITests */ = {
			isa = PBXGroup;
			children = (
				126BC06029EFCAFD00CEE880 /* KuletaUITests.swift */,
				126BC06229EFCAFD00CEE880 /* KuletaUITestsLaunchTests.swift */,
			);
			path = KuletaUITests;
			sourceTree = "<group>";
		};
		126BC06F29EFCC2500CEE880 /* Camera */ = {
			isa = PBXGroup;
			children = (
				126BC07029EFCC3B00CEE880 /* CameraError.swift */,
				126BC07229EFCC7D00CEE880 /* ScanManager.swift */,
				126BC07429EFCDE500CEE880 /* FrameManager.swift */,
			);
			path = Camera;
			sourceTree = "<group>";
		};
		126BC07629EFD0A400CEE880 /* Extensions */ = {
			isa = PBXGroup;
			children = (
				126BC07729EFD0B000CEE880 /* CGImageExtension.swift */,
			);
			path = Extensions;
			sourceTree = "<group>";
		};
		126BC07929EFD12A00CEE880 /* Views */ = {
			isa = PBXGroup;
			children = (
				126BC07C29EFD18A00CEE880 /* ErrorView.swift */,
				126BC08029EFD1F600CEE880 /* FrameView.swift */,
			);
			path = Views;
			sourceTree = "<group>";
		};
		126BC08229EFD26D00CEE880 /* ViewModels */ = {
			isa = PBXGroup;
			children = (
				126BC08329EFD28000CEE880 /* ContentViewModels.swift */,
			);
			path = ViewModels;
			sourceTree = "<group>";
		};
/* End PBXGroup section */

/* Begin PBXNativeTarget section */
		126BC03C29EFCAFC00CEE880 /* Kuleta */ = {
			isa = PBXNativeTarget;
			buildConfigurationList = 126BC06629EFCAFD00CEE880 /* Build configuration list for PBXNativeTarget "Kuleta" */;
			buildPhases = (
				126BC03929EFCAFC00CEE880 /* Sources */,
				126BC03A29EFCAFC00CEE880 /* Frameworks */,
				126BC03B29EFCAFC00CEE880 /* Resources */,
			);
			buildRules = (
			);
			dependencies = (
			);
			name = Kuleta;
			productName = Kuleta;
			productReference = 126BC03D29EFCAFC00CEE880 /* Kuleta.app */;
			productType = "com.apple.product-type.application";
		};
		126BC05129EFCAFD00CEE880 /* KuletaTests */ = {
			isa = PBXNativeTarget;
			buildConfigurationList = 126BC06929EFCAFD00CEE880 /* Build configuration list for PBXNativeTarget "KuletaTests" */;
			buildPhases = (
				126BC04E29EFCAFD00CEE880 /* Sources */,
				126BC04F29EFCAFD00CEE880 /* Frameworks */,
				126BC05029EFCAFD00CEE880 /* Resources */,
			);
			buildRules = (
			);
			dependencies = (
				126BC05429EFCAFD00CEE880 /* PBXTargetDependency */,
			);
			name = KuletaTests;
			productName = KuletaTests;
			productReference = 126BC05229EFCAFD00CEE880 /* KuletaTests.xctest */;
			productType = "com.apple.product-type.bundle.unit-test";
		};
		126BC05B29EFCAFD00CEE880 /* KuletaUITests */ = {
			isa = PBXNativeTarget;
			buildConfigurationList = 126BC06C29EFCAFD00CEE880 /* Build configuration list for PBXNativeTarget "KuletaUITests" */;
			buildPhases = (
				126BC05829EFCAFD00CEE880 /* Sources */,
				126BC05929EFCAFD00CEE880 /* Frameworks */,
				126BC05A29EFCAFD00CEE880 /* Resources */,
			);
			buildRules = (
			);
			dependencies = (
				126BC05E29EFCAFD00CEE880 /* PBXTargetDependency */,
			);
			name = KuletaUITests;
			productName = KuletaUITests;
			productReference = 126BC05C29EFCAFD00CEE880 /* KuletaUITests.xctest */;
			productType = "com.apple.product-type.bundle.ui-testing";
		};
/* End PBXNativeTarget section */

/* Begin PBXProject section */
		126BC03529EFCAFC00CEE880 /* Project object */ = {
			isa = PBXProject;
			attributes = {
				BuildIndependentTargetsInParallel = 1;
				LastSwiftUpdateCheck = 1420;
				LastUpgradeCheck = 1420;
				TargetAttributes = {
					126BC03C29EFCAFC00CEE880 = {
						CreatedOnToolsVersion = 14.2;
					};
					126BC05129EFCAFD00CEE880 = {
						CreatedOnToolsVersion = 14.2;
						TestTargetID = 126BC03C29EFCAFC00CEE880;
					};
					126BC05B29EFCAFD00CEE880 = {
						CreatedOnToolsVersion = 14.2;
						TestTargetID = 126BC03C29EFCAFC00CEE880;
					};
				};
			};
			buildConfigurationList = 126BC03829EFCAFC00CEE880 /* Build configuration list for PBXProject "Kuleta" */;
			compatibilityVersion = "Xcode 14.0";
			developmentRegion = en;
			hasScannedForEncodings = 0;
			knownRegions = (
				en,
				Base,
			);
			mainGroup = 126BC03429EFCAFC00CEE880;
			productRefGroup = 126BC03E29EFCAFC00CEE880 /* Products */;
			projectDirPath = "";
			projectRoot = "";
			targets = (
				126BC03C29EFCAFC00CEE880 /* Kuleta */,
				126BC05129EFCAFD00CEE880 /* KuletaTests */,
				126BC05B29EFCAFD00CEE880 /* KuletaUITests */,
			);
		};
/* End PBXProject section */

/* Begin PBXResourcesBuildPhase section */
		126BC03B29EFCAFC00CEE880 /* Resources */ = {
			isa = PBXResourcesBuildPhase;
			buildActionMask = 2147483647;
			files = (
				126BC04829EFCAFD00CEE880 /* Preview Assets.xcassets in Resources */,
				126BC04529EFCAFD00CEE880 /* Assets.xcassets in Resources */,
			);
			runOnlyForDeploymentPostprocessing = 0;
		};
		126BC05029EFCAFD00CEE880 /* Resources */ = {
			isa = PBXResourcesBuildPhase;
			buildActionMask = 2147483647;
			files = (
			);
			runOnlyForDeploymentPostprocessing = 0;
		};
		126BC05A29EFCAFD00CEE880 /* Resources */ = {
			isa = PBXResourcesBuildPhase;
			buildActionMask = 2147483647;
			files = (
			);
			runOnlyForDeploymentPostprocessing = 0;
		};
/* End PBXResourcesBuildPhase section */

/* Begin PBXSourcesBuildPhase section */
		126BC03929EFCAFC00CEE880 /* Sources */ = {
			isa = PBXSourcesBuildPhase;
			buildActionMask = 2147483647;
			files = (
				126BC08129EFD1F600CEE880 /* FrameView.swift in Sources */,
				126BC04A29EFCAFD00CEE880 /* Persistence.swift in Sources */,
				126BC07129EFCC3B00CEE880 /* CameraError.swift in Sources */,
				126BC04D29EFCAFD00CEE880 /* Kuleta.xcdatamodeld in Sources */,
				126BC07829EFD0B000CEE880 /* CGImageExtension.swift in Sources */,
				126BC07D29EFD18A00CEE880 /* ErrorView.swift in Sources */,
				126BC04329EFCAFC00CEE880 /* ContentView.swift in Sources */,
				126BC08429EFD28000CEE880 /* ContentViewModels.swift in Sources */,
				126BC07329EFCC7D00CEE880 /* ScanManager.swift in Sources */,
				126BC07529EFCDE500CEE880 /* FrameManager.swift in Sources */,
				126BC04129EFCAFC00CEE880 /* KuletaApp.swift in Sources */,
			);
			runOnlyForDeploymentPostprocessing = 0;
		};
		126BC04E29EFCAFD00CEE880 /* Sources */ = {
			isa = PBXSourcesBuildPhase;
			buildActionMask = 2147483647;
			files = (
				126BC05729EFCAFD00CEE880 /* KuletaTests.swift in Sources */,
			);
			runOnlyForDeploymentPostprocessing = 0;
		};
		126BC05829EFCAFD00CEE880 /* Sources */ = {
			isa = PBXSourcesBuildPhase;
			buildActionMask = 2147483647;
			files = (
				126BC06329EFCAFD00CEE880 /* KuletaUITestsLaunchTests.swift in Sources */,
				126BC06129EFCAFD00CEE880 /* KuletaUITests.swift in Sources */,
			);
			runOnlyForDeploymentPostprocessing = 0;
		};
/* End PBXSourcesBuildPhase section */

/* Begin PBXTargetDependency section */
		126BC05429EFCAFD00CEE880 /* PBXTargetDependency */ = {
			isa = PBXTargetDependency;
			target = 126BC03C29EFCAFC00CEE880 /* Kuleta */;
			targetProxy = 126BC05329EFCAFD00CEE880 /* PBXContainerItemProxy */;
		};
		126BC05E29EFCAFD00CEE880 /* PBXTargetDependency */ = {
			isa = PBXTargetDependency;
			target = 126BC03C29EFCAFC00CEE880 /* Kuleta */;
			targetProxy = 126BC05D29EFCAFD00CEE880 /* PBXContainerItemProxy */;
		};
/* End PBXTargetDependency section */

/* Begin XCBuildConfiguration section */
		126BC06429EFCAFD00CEE880 /* Debug */ = {
			isa = XCBuildConfiguration;
			buildSettings = {
				ALWAYS_SEARCH_USER_PATHS = NO;
				CLANG_ANALYZER_NONNULL = YES;
				CLANG_ANALYZER_NUMBER_OBJECT_CONVERSION = YES_AGGRESSIVE;
				CLANG_CXX_LANGUAGE_STANDARD = "gnu++20";
				CLANG_ENABLE_MODULES = YES;
				CLANG_ENABLE_OBJC_ARC = YES;
				CLANG_ENABLE_OBJC_WEAK = YES;
				CLANG_WARN_BLOCK_CAPTURE_AUTORELEASING = YES;
				CLANG_WARN_BOOL_CONVERSION = YES;
				CLANG_WARN_COMMA = YES;
				CLANG_WARN_CONSTANT_CONVERSION = YES;
				CLANG_WARN_DEPRECATED_OBJC_IMPLEMENTATIONS = YES;
				CLANG_WARN_DIRECT_OBJC_ISA_USAGE = YES_ERROR;
				CLANG_WARN_DOCUMENTATION_COMMENTS = YES;
				CLANG_WARN_EMPTY_BODY = YES;
				CLANG_WARN_ENUM_CONVERSION = YES;
				CLANG_WARN_INFINITE_RECURSION = YES;
				CLANG_WARN_INT_CONVERSION = YES;
				CLANG_WARN_NON_LITERAL_NULL_CONVERSION = YES;
				CLANG_WARN_OBJC_IMPLICIT_RETAIN_SELF = YES;
				CLANG_WARN_OBJC_LITERAL_CONVERSION = YES;
				CLANG_WARN_OBJC_ROOT_CLASS = YES_ERROR;
				CLANG_WARN_QUOTED_INCLUDE_IN_FRAMEWORK_HEADER = YES;
				CLANG_WARN_RANGE_LOOP_ANALYSIS = YES;
				CLANG_WARN_STRICT_PROTOTYPES = YES;
				CLANG_WARN_SUSPICIOUS_MOVE = YES;
				CLANG_WARN_UNGUARDED_AVAILABILITY = YES_AGGRESSIVE;
				CLANG_WARN_UNREACHABLE_CODE = YES;
				CLANG_WARN__DUPLICATE_METHOD_MATCH = YES;
				COPY_PHASE_STRIP = NO;
				DEBUG_INFORMATION_FORMAT = dwarf;
				ENABLE_STRICT_OBJC_MSGSEND = YES;
				ENABLE_TESTABILITY = YES;
				GCC_C_LANGUAGE_STANDARD = gnu11;
				GCC_DYNAMIC_NO_PIC = NO;
				GCC_NO_COMMON_BLOCKS = YES;
				GCC_OPTIMIZATION_LEVEL = 0;
				GCC_PREPROCESSOR_DEFINITIONS = (
					"DEBUG=1",
					"$(inherited)",
				);
				GCC_WARN_64_TO_32_BIT_CONVERSION = YES;
				GCC_WARN_ABOUT_RETURN_TYPE = YES_ERROR;
				GCC_WARN_UNDECLARED_SELECTOR = YES;
				GCC_WARN_UNINITIALIZED_AUTOS = YES_AGGRESSIVE;
				GCC_WARN_UNUSED_FUNCTION = YES;
				GCC_WARN_UNUSED_VARIABLE = YES;
				IPHONEOS_DEPLOYMENT_TARGET = 16.2;
				MTL_ENABLE_DEBUG_INFO = INCLUDE_SOURCE;
				MTL_FAST_MATH = YES;
				ONLY_ACTIVE_ARCH = YES;
				SDKROOT = iphoneos;
				SWIFT_ACTIVE_COMPILATION_CONDITIONS = DEBUG;
				SWIFT_OPTIMIZATION_LEVEL = "-Onone";
			};
			name = Debug;
		};
		126BC06529EFCAFD00CEE880 /* Release */ = {
			isa = XCBuildConfiguration;
			buildSettings = {
				ALWAYS_SEARCH_USER_PATHS = NO;
				CLANG_ANALYZER_NONNULL = YES;
				CLANG_ANALYZER_NUMBER_OBJECT_CONVERSION = YES_AGGRESSIVE;
				CLANG_CXX_LANGUAGE_STANDARD = "gnu++20";
				CLANG_ENABLE_MODULES = YES;
				CLANG_ENABLE_OBJC_ARC = YES;
				CLANG_ENABLE_OBJC_WEAK = YES;
				CLANG_WARN_BLOCK_CAPTURE_AUTORELEASING = YES;
				CLANG_WARN_BOOL_CONVERSION = YES;
				CLANG_WARN_COMMA = YES;
				CLANG_WARN_CONSTANT_CONVERSION = YES;
				CLANG_WARN_DEPRECATED_OBJC_IMPLEMENTATIONS = YES;
				CLANG_WARN_DIRECT_OBJC_ISA_USAGE = YES_ERROR;
				CLANG_WARN_DOCUMENTATION_COMMENTS = YES;
				CLANG_WARN_EMPTY_BODY = YES;
				CLANG_WARN_ENUM_CONVERSION = YES;
				CLANG_WARN_INFINITE_RECURSION = YES;
				CLANG_WARN_INT_CONVERSION = YES;
				CLANG_WARN_NON_LITERAL_NULL_CONVERSION = YES;
				CLANG_WARN_OBJC_IMPLICIT_RETAIN_SELF = YES;
				CLANG_WARN_OBJC_LITERAL_CONVERSION = YES;
				CLANG_WARN_OBJC_ROOT_CLASS = YES_ERROR;
				CLANG_WARN_QUOTED_INCLUDE_IN_FRAMEWORK_HEADER = YES;
				CLANG_WARN_RANGE_LOOP_ANALYSIS = YES;
				CLANG_WARN_STRICT_PROTOTYPES = YES;
				CLANG_WARN_SUSPICIOUS_MOVE = YES;
				CLANG_WARN_UNGUARDED_AVAILABILITY = YES_AGGRESSIVE;
				CLANG_WARN_UNREACHABLE_CODE = YES;
				CLANG_WARN__DUPLICATE_METHOD_MATCH = YES;
				COPY_PHASE_STRIP = NO;
				DEBUG_INFORMATION_FORMAT = "dwarf-with-dsym";
				ENABLE_NS_ASSERTIONS = NO;
				ENABLE_STRICT_OBJC_MSGSEND = YES;
				GCC_C_LANGUAGE_STANDARD = gnu11;
				GCC_NO_COMMON_BLOCKS = YES;
				GCC_WARN_64_TO_32_BIT_CONVERSION = YES;
				GCC_WARN_ABOUT_RETURN_TYPE = YES_ERROR;
				GCC_WARN_UNDECLARED_SELECTOR = YES;
				GCC_WARN_UNINITIALIZED_AUTOS = YES_AGGRESSIVE;
				GCC_WARN_UNUSED_FUNCTION = YES;
				GCC_WARN_UNUSED_VARIABLE = YES;
				IPHONEOS_DEPLOYMENT_TARGET = 16.2;
				MTL_ENABLE_DEBUG_INFO = NO;
				MTL_FAST_MATH = YES;
				SDKROOT = iphoneos;
				SWIFT_COMPILATION_MODE = wholemodule;
				SWIFT_OPTIMIZATION_LEVEL = "-O";
				VALIDATE_PRODUCT = YES;
			};
			name = Release;
		};
		126BC06729EFCAFD00CEE880 /* Debug */ = {
			isa = XCBuildConfiguration;
			buildSettings = {
				ASSETCATALOG_COMPILER_APPICON_NAME = AppIcon;
				ASSETCATALOG_COMPILER_GLOBAL_ACCENT_COLOR_NAME = AccentColor;
				CODE_SIGN_STYLE = Automatic;
				CURRENT_PROJECT_VERSION = 1;
				DEVELOPMENT_ASSET_PATHS = "\"Kuleta/Preview Content\"";
				DEVELOPMENT_TEAM = 52AUGJGPW3;
				ENABLE_PREVIEWS = YES;
				GENERATE_INFOPLIST_FILE = YES;
				INFOPLIST_KEY_CFBundleDisplayName = Kuleta;
				INFOPLIST_KEY_LSApplicationCategoryType = "public.app-category.utilities";
				INFOPLIST_KEY_NSCameraUsageDescription = "$(PRODUCT_NAME) requires access to your phone's camera.";
				INFOPLIST_KEY_UIApplicationSceneManifest_Generation = YES;
				INFOPLIST_KEY_UIApplicationSupportsIndirectInputEvents = YES;
				INFOPLIST_KEY_UILaunchScreen_Generation = YES;
				INFOPLIST_KEY_UISupportedInterfaceOrientations_iPad = "UIInterfaceOrientationPortrait UIInterfaceOrientationPortraitUpsideDown UIInterfaceOrientationLandscapeLeft UIInterfaceOrientationLandscapeRight";
				INFOPLIST_KEY_UISupportedInterfaceOrientations_iPhone = "UIInterfaceOrientationPortrait UIInterfaceOrientationLandscapeLeft UIInterfaceOrientationLandscapeRight";
				IPHONEOS_DEPLOYMENT_TARGET = 16.0;
				LD_RUNPATH_SEARCH_PATHS = (
					"$(inherited)",
					"@executable_path/Frameworks",
				);
				MARKETING_VERSION = 1.0;
				PRODUCT_BUNDLE_IDENTIFIER = com.dyzetedy.kuleta;
				PRODUCT_NAME = "$(TARGET_NAME)";
				SWIFT_EMIT_LOC_STRINGS = YES;
				SWIFT_VERSION = 5.0;
				TARGETED_DEVICE_FAMILY = "1,2";
			};
			name = Debug;
		};
		126BC06829EFCAFD00CEE880 /* Release */ = {
			isa = XCBuildConfiguration;
			buildSettings = {
				ASSETCATALOG_COMPILER_APPICON_NAME = AppIcon;
				ASSETCATALOG_COMPILER_GLOBAL_ACCENT_COLOR_NAME = AccentColor;
				CODE_SIGN_STYLE = Automatic;
				CURRENT_PROJECT_VERSION = 1;
				DEVELOPMENT_ASSET_PATHS = "\"Kuleta/Preview Content\"";
				DEVELOPMENT_TEAM = 52AUGJGPW3;
				ENABLE_PREVIEWS = YES;
				GENERATE_INFOPLIST_FILE = YES;
				INFOPLIST_KEY_CFBundleDisplayName = Kuleta;
				INFOPLIST_KEY_LSApplicationCategoryType = "public.app-category.utilities";
				INFOPLIST_KEY_NSCameraUsageDescription = "$(PRODUCT_NAME) requires access to your phone's camera.";
				INFOPLIST_KEY_UIApplicationSceneManifest_Generation = YES;
				INFOPLIST_KEY_UIApplicationSupportsIndirectInputEvents = YES;
				INFOPLIST_KEY_UILaunchScreen_Generation = YES;
				INFOPLIST_KEY_UISupportedInterfaceOrientations_iPad = "UIInterfaceOrientationPortrait UIInterfaceOrientationPortraitUpsideDown UIInterfaceOrientationLandscapeLeft UIInterfaceOrientationLandscapeRight";
				INFOPLIST_KEY_UISupportedInterfaceOrientations_iPhone = "UIInterfaceOrientationPortrait UIInterfaceOrientationLandscapeLeft UIInterfaceOrientationLandscapeRight";
				IPHONEOS_DEPLOYMENT_TARGET = 16.0;
				LD_RUNPATH_SEARCH_PATHS = (
					"$(inherited)",
					"@executable_path/Frameworks",
				);
				MARKETING_VERSION = 1.0;
				PRODUCT_BUNDLE_IDENTIFIER = com.dyzetedy.kuleta;
				PRODUCT_NAME = "$(TARGET_NAME)";
				SWIFT_EMIT_LOC_STRINGS = YES;
				SWIFT_VERSION = 5.0;
				TARGETED_DEVICE_FAMILY = "1,2";
			};
			name = Release;
		};
		126BC06A29EFCAFD00CEE880 /* Debug */ = {
			isa = XCBuildConfiguration;
			buildSettings = {
				ALWAYS_EMBED_SWIFT_STANDARD_LIBRARIES = YES;
				BUNDLE_LOADER = "$(TEST_HOST)";
				CODE_SIGN_STYLE = Automatic;
				CURRENT_PROJECT_VERSION = 1;
				DEVELOPMENT_TEAM = 52AUGJGPW3;
				GENERATE_INFOPLIST_FILE = YES;
				IPHONEOS_DEPLOYMENT_TARGET = 16.2;
				MARKETING_VERSION = 1.0;
				PRODUCT_BUNDLE_IDENTIFIER = com.dyzetedy.KuletaTests;
				PRODUCT_NAME = "$(TARGET_NAME)";
				SWIFT_EMIT_LOC_STRINGS = NO;
				SWIFT_VERSION = 5.0;
				TARGETED_DEVICE_FAMILY = "1,2";
				TEST_HOST = "$(BUILT_PRODUCTS_DIR)/Kuleta.app/$(BUNDLE_EXECUTABLE_FOLDER_PATH)/Kuleta";
			};
			name = Debug;
		};
		126BC06B29EFCAFD00CEE880 /* Release */ = {
			isa = XCBuildConfiguration;
			buildSettings = {
				ALWAYS_EMBED_SWIFT_STANDARD_LIBRARIES = YES;
				BUNDLE_LOADER = "$(TEST_HOST)";
				CODE_SIGN_STYLE = Automatic;
				CURRENT_PROJECT_VERSION = 1;
				DEVELOPMENT_TEAM = 52AUGJGPW3;
				GENERATE_INFOPLIST_FILE = YES;
				IPHONEOS_DEPLOYMENT_TARGET = 16.2;
				MARKETING_VERSION = 1.0;
				PRODUCT_BUNDLE_IDENTIFIER = com.dyzetedy.KuletaTests;
				PRODUCT_NAME = "$(TARGET_NAME)";
				SWIFT_EMIT_LOC_STRINGS = NO;
				SWIFT_VERSION = 5.0;
				TARGETED_DEVICE_FAMILY = "1,2";
				TEST_HOST = "$(BUILT_PRODUCTS_DIR)/Kuleta.app/$(BUNDLE_EXECUTABLE_FOLDER_PATH)/Kuleta";
			};
			name = Release;
		};
		126BC06D29EFCAFD00CEE880 /* Debug */ = {
			isa = XCBuildConfiguration;
			buildSettings = {
				ALWAYS_EMBED_SWIFT_STANDARD_LIBRARIES = YES;
				CODE_SIGN_STYLE = Automatic;
				CURRENT_PROJECT_VERSION = 1;
				DEVELOPMENT_TEAM = 52AUGJGPW3;
				GENERATE_INFOPLIST_FILE = YES;
				MARKETING_VERSION = 1.0;
				PRODUCT_BUNDLE_IDENTIFIER = com.dyzetedy.KuletaUITests;
				PRODUCT_NAME = "$(TARGET_NAME)";
				SWIFT_EMIT_LOC_STRINGS = NO;
				SWIFT_VERSION = 5.0;
				TARGETED_DEVICE_FAMILY = "1,2";
				TEST_TARGET_NAME = Kuleta;
			};
			name = Debug;
		};
		126BC06E29EFCAFD00CEE880 /* Release */ = {
			isa = XCBuildConfiguration;
			buildSettings = {
				ALWAYS_EMBED_SWIFT_STANDARD_LIBRARIES = YES;
				CODE_SIGN_STYLE = Automatic;
				CURRENT_PROJECT_VERSION = 1;
				DEVELOPMENT_TEAM = 52AUGJGPW3;
				GENERATE_INFOPLIST_FILE = YES;
				MARKETING_VERSION = 1.0;
				PRODUCT_BUNDLE_IDENTIFIER = com.dyzetedy.KuletaUITests;
				PRODUCT_NAME = "$(TARGET_NAME)";
				SWIFT_EMIT_LOC_STRINGS = NO;
				SWIFT_VERSION = 5.0;
				TARGETED_DEVICE_FAMILY = "1,2";
				TEST_TARGET_NAME = Kuleta;
			};
			name = Release;
		};
/* End XCBuildConfiguration section */

/* Begin XCConfigurationList section */
		126BC03829EFCAFC00CEE880 /* Build configuration list for PBXProject "Kuleta" */ = {
			isa = XCConfigurationList;
			buildConfigurations = (
				126BC06429EFCAFD00CEE880 /* Debug */,
				126BC06529EFCAFD00CEE880 /* Release */,
			);
			defaultConfigurationIsVisible = 0;
			defaultConfigurationName = Release;
		};
		126BC06629EFCAFD00CEE880 /* Build configuration list for PBXNativeTarget "Kuleta" */ = {
			isa = XCConfigurationList;
			buildConfigurations = (
				126BC06729EFCAFD00CEE880 /* Debug */,
				126BC06829EFCAFD00CEE880 /* Release */,
			);
			defaultConfigurationIsVisible = 0;
			defaultConfigurationName = Release;
		};
		126BC06929EFCAFD00CEE880 /* Build configuration list for PBXNativeTarget "KuletaTests" */ = {
			isa = XCConfigurationList;
			buildConfigurations = (
				126BC06A29EFCAFD00CEE880 /* Debug */,
				126BC06B29EFCAFD00CEE880 /* Release */,
			);
			defaultConfigurationIsVisible = 0;
			defaultConfigurationName = Release;
		};
		126BC06C29EFCAFD00CEE880 /* Build configuration list for PBXNativeTarget "KuletaUITests" */ = {
			isa = XCConfigurationList;
			buildConfigurations = (
				126BC06D29EFCAFD00CEE880 /* Debug */,
				126BC06E29EFCAFD00CEE880 /* Release */,
			);
			defaultConfigurationIsVisible = 0;
			defaultConfigurationName = Release;
		};
/* End XCConfigurationList section */

/* Begin XCVersionGroup section */
		126BC04B29EFCAFD00CEE880 /* Kuleta.xcdatamodeld */ = {
			isa = XCVersionGroup;
			children = (
				126BC04C29EFCAFD00CEE880 /* Kuleta.xcdatamodel */,
			);
			currentVersion = 126BC04C29EFCAFD00CEE880 /* Kuleta.xcdatamodel */;
			path = Kuleta.xcdatamodeld;
			sourceTree = "<group>";
			versionGroupType = wrapper.xcdatamodel;
		};
/* End XCVersionGroup section */
	};
	rootObject = 126BC03529EFCAFC00CEE880 /* Project object */;
}
